cloud.google.com/go v0.26.0/go.mod h1:aQUYkXzVsufM+DwF1aE+0xfcU+56JwCaLick0ClmMTw=
cloud.google.com/go v0.27.0 h1:Xa8ZWro6QYKOwDKtxfKsiE0ea2jD39nx32RxtF5RjYE=
cloud.google.com/go v0.27.0/go.mod h1:aQUYkXzVsufM+DwF1aE+0xfcU+56JwCaLick0ClmMTw=
contrib.go.opencensus.io/exporter/stackdriver v0.6.0/go.mod h1:QeFzMJDAw8TXt5+aRaSuE8l5BwaMIOIlaVkBOPRuMuw=
github.com/Gurpartap/logrus-stack v0.0.0-20170710170904-89c00d8a28f4 h1:vdT7QwBhJJEVNFMBNhRSFDRCB6O16T28VhvqRgqFyn8=
github.com/Gurpartap/logrus-stack v0.0.0-20170710170904-89c00d8a28f4/go.mod h1:SvXOG8ElV28oAiG9zv91SDe5+9PfIr7PPccpr8YyXNs=
github.com/NYTimes/encoding-wrapper v0.0.0-20170905214245-36fb9db91f13 h1:v3fB8Vv+n6En+nJd5A4O0KS7UFA3pEyALmJSbvbaa10=
github.com/NYTimes/encoding-wrapper v0.0.0-20170905214245-36fb9db91f13/go.mod h1:JIFRg/OoKfnZcuqLzQM4rUTWP2K5mGN3ROHQ6QEVYW0=
github.com/NYTimes/gizmo v0.2.0 h1:9nHdpO4HoM/O6jmwm1MvGniyfo6bT+4mQ4S2m7CQ1r8=
github.com/NYTimes/gizmo v0.2.0/go.mod h1:tLR/IQtD07ThHGvVJunAMq2i8WoxPLadvfo33fkvp5A=
github.com/NYTimes/gziphandler v0.0.0-20180820182813-253f1acb9d9f/go.mod h1:3wb06e3pkSAbeQ52E9H9iFoQsEEwGN64994WTCIhntQ=
github.com/NYTimes/gziphandler v1.0.1 h1:iLrQrdwjDd52kHDA5op2UBJFjmOb9g+7scBan4RN8F0=
github.com/NYTimes/gziphandler v1.0.1/go.mod h1:3wb06e3pkSAbeQ52E9H9iFoQsEEwGN64994WTCIhntQ=
github.com/NYTimes/logrotate v0.0.0-20170824154650-2b6e866fd507 h1:S0NXkQpfmcwUz5kHr2G8fqepsknsnNr9j6uQqdTYEck=
github.com/NYTimes/logrotate v0.0.0-20170824154650-2b6e866fd507/go.mod h1:nY7g3XV/OVxvEUGniTjBf6DFoeHz7sRl8yv/ocNx9y4=
github.com/NYTimes/sqliface v0.0.0-20180310195202-f8e6c8b78d37/go.mod h1:kyL8Cd2vQCEDjsCaFWSARXwRfyQfXv9/mHvr59mHxD8=
github.com/Shopify/sarama v1.17.0/go.mod h1:FVkBWblsNy7DGZRfXLU0O9RCGt5g3g3yEuWXgklEdEo=
github.com/VividCortex/gohistogram v1.0.0 h1:6+hBz+qvs0JOrrNhhmR7lFxo5sINxBCGXrdtl/UvroE=
github.com/VividCortex/gohistogram v1.0.0/go.mod h1:Pf5mBqqDxYaXu3hDrrU+w6nw50o/4+TcAqDqk/vUH7g=
github.com/aws/aws-sdk-go v0.0.0-20180911193755-08356ca48321/go.mod h1:mFuSZ37Z9YOHbQEwBWztmVzqXrEkub65tZoCYDt7FT0=
github.com/aws/aws-sdk-go v1.15.21 h1:STLvc6RrpycslC1NRtTvt/YSgDkIGCTrB9K9vE5R2oQ=
github.com/aws/aws-sdk-go v1.15.21/go.mod h1:mFuSZ37Z9YOHbQEwBWztmVzqXrEkub65tZoCYDt7FT0=
github.com/beorn7/perks v0.0.0-20180321164747-3a771d992973 h1:xJ4a3vCFaGF/jqvzLMYoU8P317H5OQ+Via4RmuPwCS0=
github.com/beorn7/perks v0.0.0-20180321164747-3a771d992973/go.mod h1:Dwedo/Wpr24TaqPxmxbtue+5NUziq4I4S80YR8gNf3Q=
github.com/bitmovin/bitmovin-go v1.14.0 h1:lyD74oGi2s4PN3LX7nE8I2Kjvxy+C+ygGCGYSHzb+yc=
github.com/bitmovin/bitmovin-go v1.14.0/go.mod h1:FnQ++AxR0BZAH5UpAPU10bpSzeV4a7Gu5Sazpkpr7cE=
github.com/bradfitz/gomemcache v0.0.0-20180710155616-bc664df96737/go.mod h1:PmM6Mmwb0LSuEubjR8N7PtNe1KxZLtOUHtbeikc5h60=
github.com/client9/misspell v0.3.4/go.mod h1:qj6jICC3Q7zFZvVWo7KLAzC3yx5G7kyvSDkc90ppPyw=
github.com/davecgh/go-spew v1.1.1/go.mod h1:J7Y8YcW2NihsgmVo/mv3lAwl/skON4iLHjSsI+c5H38=
github.com/eapache/go-resiliency v1.1.0/go.mod h1:kFI+JgMyC7bLPUVY133qvEBtVayf5mFgVsvEsIPBvNs=
github.com/eapache/go-xerial-snappy v0.0.0-20180814174437-776d5712da21/go.mod h1:+020luEh2TKB4/GOp8oxxtq0Daoen/Cii55CzbTV6DU=
github.com/eapache/queue v1.1.0/go.mod h1:6eCeP0CKFpHLu8blIFXhExK/dRa7WDZfr6jVFPTqq+I=
github.com/facebookgo/stack v0.0.0-20160209184415-751773369052 h1:JWuenKqqX8nojtoVVWjGfOF9635RETekkoH6Cc9SX0A=
github.com/facebookgo/stack v0.0.0-20160209184415-751773369052/go.mod h1:UbMTZqLaRiH3MsBH8va0n7s1pQYcu3uTb8G4tygF4Zg=
github.com/flavioribeiro/zencoder v0.0.0-20161215190743-745874544382 h1:+5whYpO1i1NM7MhHqWqghzPQlv/lbSbONP6GL6AWUCQ=
github.com/flavioribeiro/zencoder v0.0.0-20161215190743-745874544382/go.mod h1:Fy7DEjkmg9hNcGy7T5x/Rcp05A/BJNITD8BMHPUy39Y=
github.com/fluent/fluent-logger-golang v1.3.0 h1:oBolFKS9fY9HReChzaX1RQF5GkdNdByrledPTfUWoGA=
github.com/fluent/fluent-logger-golang v1.3.0/go.mod h1:2/HCT/jTy78yGyeNGQLGQsjF3zzzAuy6Xlk6FCMV5eU=
github.com/fsouza/ctxlogger v1.0.0 h1:FJvx/sicoWHPq6/ChDgNWsLGdG6YUismEmDQSwhmSHc=
github.com/fsouza/ctxlogger v1.0.0/go.mod h1:t4ZmSuAfPqTENRQ9tzpX2uR6KJqu3D9Ab/axgNMmmhw=
github.com/fsouza/gizmo-stackdriver-logging v1.1.0 h1:NVudtISCcsHJbsGG0r0+qnvsZu2C9BLKN8+VJhZxLSI=
github.com/fsouza/gizmo-stackdriver-logging v1.1.0/go.mod h1:qi2iop9rild51EaA4RJ6cjY1KzKMtbodon+7kbObEEk=
github.com/go-ini/ini v1.25.4/go.mod h1:ByCAeIL28uOIIG0E3PJtZPDL8WnHpFKFOtgjp+3Ies8=
github.com/go-ini/ini v1.38.2 h1:6Hl/z3p3iFkA0dlDfzYxuFuUGD+kaweypF6btsR2/Q4=
github.com/go-ini/ini v1.38.2/go.mod h1:ByCAeIL28uOIIG0E3PJtZPDL8WnHpFKFOtgjp+3Ies8=
github.com/go-kit/kit v0.7.0 h1:ApufNmWF1H6/wUbAG81hZOHmqwd0zRf8mNfLjYj/064=
github.com/go-kit/kit v0.7.0/go.mod h1:xBxKIO96dXMWWy0MnWVtmwkA9/13aqxPnvrjFYMA2as=
github.com/go-logfmt/logfmt v0.3.0 h1:8HUsc87TaSWLKwrnumgC8/YconD2fJQsRJAsWaPg2ic=
github.com/go-logfmt/logfmt v0.3.0/go.mod h1:Qt1PoO58o5twSAckw1HlFXLmHsOX5/0LbT9GBnD5lWE=
github.com/go-redis/redis v6.14.1+incompatible h1:kSJohAREGMr344uMa8PzuIg5OU6ylCbyDkWkkNOfEik=
github.com/go-redis/redis v6.14.1+incompatible/go.mod h1:NAIEuMOZ/fxfXJIrKDQDz8wamY7mA7PouImQ2Jvg6kA=
github.com/go-sql-driver/mysql v1.4.0/go.mod h1:zAC/RDZ24gD3HViQzih4MyKcchzm+sOG5ZlKdlhCg5w=
github.com/go-stack/stack v1.8.0 h1:5SgMzNM5HxrEjV0ww2lTmX6E2Izsfxas4+YHWRs3Lsk=
github.com/go-stack/stack v1.8.0/go.mod h1:v0f6uXyyMGvRgIKkXu+yp6POWl0qKG85gN/melR3HDY=
github.com/golang/glog v0.0.0-20160126235308-23def4e6c14b/go.mod h1:SBH7ygxi8pfUlaOkMMuAQtPIUF8ecWP5IEl/CR7VP2Q=
github.com/golang/lint v0.0.0-20180702182130-06c8688daad7/go.mod h1:tluoj9z5200jBnyusfRPU2LqT6J+DAorxEvtC7LHB+E=
github.com/golang/mock v1.1.1/go.mod h1:oTYuIxOrZwtPieC+H1uAHpcLFnEyAGVDL/k47Jfbm0A=
github.com/golang/protobuf v1.2.0 h1:P3YflyNX/ehuJFLhxviNdFxQPkGK5cDcApsge1SqnvM=
github.com/golang/protobuf v1.2.0/go.mod h1:6lQm79b+lXiMfvg/cZm0SGofjICqVBUtrP5yJMmIC1U=
github.com/golang/snappy v0.0.0-20180518054509-2e65f85255db/go.mod h1:/XxbfmMg8lxefKM7IXC3fBNl/7bRcc72aCRzEWrmP2Q=
github.com/google/go-cmp v0.2.0 h1:+dTQ8DZQJz0Mb/HjFlkptS1FeQ4cWSnN941F8aEG4SQ=
github.com/google/go-cmp v0.2.0/go.mod h1:oXzfMopK8JAjlY9xF4vHSVASa0yLyX7SntLO5aqRK0M=
github.com/google/gops v0.0.0-20180903072510-f341a40f99ec h1:XrP6ly9NsyrNahXMD9u0BNTRsHXGDO2YkKYuonFiQ5A=
github.com/google/gops v0.0.0-20180903072510-f341a40f99ec/go.mod h1:pMQgrscwEK/aUSW1IFSaBPbJX82FPHWaSoJw1axQfD0=
github.com/googleapis/gax-go v2.0.0+incompatible/go.mod h1:SFVmujtThgffbyetf+mdk2eWhX2bMyUtNHzFKcPA9HY=
github.com/gorilla/context v1.1.1/go.mod h1:kBGZzfjB9CEq2AlWe17Uuf7NDRt0dE0s8S51q0aT7Yg=
github.com/gorilla/handlers v1.4.0 h1:XulKRWSQK5uChr4pEgSE4Tc/OcmnU9GJuSwdog/tZsA=
github.com/gorilla/handlers v1.4.0/go.mod h1:Qkdc/uu4tH4g6mTK6auzZ766c4CA0Ng8+o/OAirnOIQ=
github.com/gorilla/mux v1.6.2 h1:Pgr17XVTNXAk3q/r4CpKzC5xBM/qW1uVLV+IhRZpIIk=
github.com/gorilla/mux v1.6.2/go.mod h1:1lud6UwP+6orDFRuTfBEV8e9/aOM/c4fVVCaMa2zaAs=
github.com/gorilla/websocket v1.3.0/go.mod h1:E7qHFY5m1UJ88s3WnNqhKjPHQ0heANvMoAMk2YaljkQ=
github.com/grpc-ecosystem/go-grpc-middleware v1.0.0/go.mod h1:FiyG127CGDf3tlThmgyCl78X/SZQqEOJBCDaAfeWzPs=
github.com/hashicorp/consul v1.2.2 h1:C5FurAZWLQ+XAjmL9g6rXbPlwxyyz8DvTL0WCAxTLAo=
github.com/hashicorp/consul v1.2.2/go.mod h1:mFrjN1mfidgJfYP1xrJCF+AfRhr6Eaqhb2+sfyn/OOI=
github.com/hashicorp/go-cleanhttp v0.0.0-20171218145408-d5fe4b57a186/go.mod h1:JpRdi6/HCYpAwUzNwuwqhbovhLtngrth3wmdIIUrZ80=
github.com/hashicorp/go-cleanhttp v0.5.0 h1:wvCrVc9TjDls6+YGAF2hAifE1E5U1+b4tH6KdvN3Gig=
github.com/hashicorp/go-cleanhttp v0.5.0/go.mod h1:JpRdi6/HCYpAwUzNwuwqhbovhLtngrth3wmdIIUrZ80=
github.com/hashicorp/go-rootcerts v0.0.0-20160503143440-6bb64b370b90 h1:9HVkPxOpo+yO93Ah4yrO67d/qh0fbLLWbKqhYjyHq9A=
github.com/hashicorp/go-rootcerts v0.0.0-20160503143440-6bb64b370b90/go.mod h1:o4zcYY1e0GEZI6eSEr+43QDYmuGglw1qSO6qdHUHCgg=
github.com/hashicorp/serf v0.8.1 h1:mYs6SMzu72+90OcPa5wr3nfznA4Dw9UyR791ZFNOIf4=
github.com/hashicorp/serf v0.8.1/go.mod h1:h/Ru6tmZazX7WO/GDmwdpS975F019L4t5ng5IgwbNrE=
github.com/hybrik/hybrik-sdk-go v0.0.0-20170516091026-c2eee0e66af9 h1:b6y7Z2IDN4LbB3YzdtrT0mjHjkLacKWroiasdQxmn4I=
github.com/hybrik/hybrik-sdk-go v0.0.0-20170516091026-c2eee0e66af9/go.mod h1:lpllRqHdEUlNu/DHYLi9zLyCOmGwws3dQeemn2mZOlo=
github.com/influxdata/influxdb v1.6.1/go.mod h1:qZna6X/4elxqT3yI9iZYdZrWWdeFOOprn86kgg4+IzY=
github.com/influxdata/influxdb v1.6.2 h1:Cvl0/3n7/T6RkCefitJtEHWKJznmOA+9tT8gVx3vVS0=
github.com/influxdata/influxdb v1.6.2/go.mod h1:qZna6X/4elxqT3yI9iZYdZrWWdeFOOprn86kgg4+IzY=
github.com/jmespath/go-jmespath v0.0.0-20160202185014-0b12d6b521d8 h1:12VvqtR6Aowv3l/EQUlocDHW2Cp4G9WJVH7uyH8QFJE=
github.com/jmespath/go-jmespath v0.0.0-20160202185014-0b12d6b521d8/go.mod h1:Nht3zPeWKUH0NzdCt2Blrr5ys8VGpn0CEB0cQHVjt7k=
github.com/julienschmidt/httprouter v0.0.0-20180715161854-348b672cd90d h1:of6+TpypLAaiv4JxgH5aplBZnt0b65B4v4c8q5oy+Sk=
github.com/julienschmidt/httprouter v0.0.0-20180715161854-348b672cd90d/go.mod h1:SYymIcj16QtmaHHD7aYtjjsJG7VTCxuUUipMqKk8s4w=
github.com/kardianos/osext v0.0.0-20170510131534-ae77be60afb1 h1:PJPDf8OUfOK1bb/NeTKd4f1QXZItOX389VN3B6qC8ro=
github.com/kardianos/osext v0.0.0-20170510131534-ae77be60afb1/go.mod h1:1NbS8ALrpOvjt0rHPNLyCIeMtbizbir8U//inJ+zuB8=
github.com/kelseyhightower/envconfig v1.3.0 h1:IvRS4f2VcIQy6j4ORGIf9145T/AsUB+oY8LyvN8BXNM=
github.com/kelseyhightower/envconfig v1.3.0/go.mod h1:cccZRl6mQpaq41TPp5QxidR+Sa3axMbJDNb//FQX6Gg=
github.com/kisielk/gotool v1.0.0/go.mod h1:XhKaO+MFFWcvkIS/tQcRk01m1F5IRFswLeQ+oQHNcck=
github.com/knq/jwt v0.0.0-20180425050837-b171e76ef804 h1:oAYeaqA7FIMKKwxnTslM+cudjTnrhuIAkrf71i3ncE8=
github.com/knq/jwt v0.0.0-20180425050837-b171e76ef804/go.mod h1:H6bRgq8JMACag/WS+QyO3B00Hx9JZTF/zUHxNhzkxqo=
github.com/knq/pemutil v0.0.0-20180607233853-a6a7785bc45a h1:IPa47OrAMfRqw3RENZIMQF4rwU7doG3rNmvdzeeVYYQ=
github.com/knq/pemutil v0.0.0-20180607233853-a6a7785bc45a/go.mod h1:2VjBu5gkjU1wG99pRhJ+zm/P4bHnjdRY0CIMP9Gvn7Q=
github.com/knq/sdhook v0.0.0-20180305214827-7a285b4a65ce h1:E1axYNmmTPMCcNoeSsum4eAaIG3ebU8MF8G/rTMkeCM=
github.com/knq/sdhook v0.0.0-20180305214827-7a285b4a65ce/go.mod h1:HWpKtLbKtOp2OonmJQZfWYTjdfKUR/a8EKDAgMPPTe8=
github.com/kr/logfmt v0.0.0-20140226030751-b84e30acd515/go.mod h1:+0opPa2QZZtGFBFZlji/RkVcI2GknAs/DXo4wKdlNEc=
github.com/kr/pretty v0.1.0 h1:L/CwN0zerZDmRFUapSPitk6f+Q3+0za1rQkzVuMiMFI=
github.com/kr/pretty v0.1.0/go.mod h1:dAy3ld7l9f0ibDNOQOHHMYYIIbhfbHSm3C4ZsoJORNo=
github.com/kr/pty v1.1.1/go.mod h1:pFQYn66WHrOpPYNljwOMqo10TkYh1fy3cYio2l3bCsQ=
github.com/kr/text v0.1.0 h1:45sCR5RtlFHMR4UwH9sdQ5TC8v0qDQCHnXt+kaKSTVE=
github.com/kr/text v0.1.0/go.mod h1:4Jbv+DJW3UT/LiOwJeYQe1efqtUx/iVham/4vfdArNI=
github.com/marzagao/logrus-env v0.0.0-20170629235526-367f558eb6f3 h1:r0QLOQCcvi94OrypM0GkGkniCoMtIHqayWrHS4oGeHY=
github.com/marzagao/logrus-env v0.0.0-20170629235526-367f558eb6f3/go.mod h1:VhFHg/slKQF2waTMU3I2H9o2539yr0CP7BbZ7OUQ5VU=
github.com/matttproud/golang_protobuf_extensions v1.0.1 h1:4hp9jkHxhMHkqkrB3Ix0jegS5sx/RkqARlsWZ6pIwiU=
github.com/matttproud/golang_protobuf_extensions v1.0.1/go.mod h1:D8He9yQNgCq6Z5Ld7szi9bcBfOoFv/3dc6xSMkL2PC0=
github.com/mitchellh/go-homedir v1.0.0 h1:vKb8ShqSby24Yrqr/yDYkuFz8d0WUjys40rvnGC8aR0=
github.com/mitchellh/go-homedir v1.0.0/go.mod h1:SfyaCUpYCn1Vlf4IUYiD9fPX4A5wJrkLzIz1N1q0pr0=
github.com/mitchellh/mapstructure v1.0.0 h1:vVpGvMXJPqSDh2VYHF7gsfQj8Ncx+Xw5Y1KHeTRY+7I=
github.com/mitchellh/mapstructure v1.0.0/go.mod h1:FVVH3fgwuzCH5S8UJGiWEs2h04kUh9fWfEaFds41c1Y=
github.com/nu7hatch/gouuid v0.0.0-20131221200532-179d4d0c4d8d h1:VhgPp6v9qf9Agr/56bj7Y/xa04UccTW04VP0Qed4vnQ=
github.com/nu7hatch/gouuid v0.0.0-20131221200532-179d4d0c4d8d/go.mod h1:YUTz3bUH2ZwIWBy3CJBeOBEugqcmXREj14T+iG/4k4U=
github.com/philhofer/fwd v1.0.0 h1:UbZqGr5Y38ApvM/V/jEljVxwocdweyH+vmYvRPBnbqQ=
github.com/philhofer/fwd v1.0.0/go.mod h1:gk3iGcWd9+svBvR0sR+KPcfE+RNWozjowpeBVG3ZVNU=
github.com/pierrec/lz4 v2.0.3+incompatible/go.mod h1:pdkljMzZIN41W+lC3N2tnIh5sFi+IEE17M5jbnwPHcY=
github.com/pkg/errors v0.8.0/go.mod h1:bwawxfHBFNV+L2hUp1rHADufV3IMtnDRdf1r5NINEl0=
github.com/prometheus/client_golang v0.8.0 h1:1921Yw9Gc3iSc4VQh3PIoOqgPCZS7G/4xQNVUp8Mda8=
github.com/prometheus/client_golang v0.8.0/go.mod h1:7SWBe2y4D6OKWSNQJUaRYU/AaXPKyh/dDVn+NZz0KFw=
github.com/prometheus/client_model v0.0.0-20180712105110-5c3871d89910 h1:idejC8f05m9MGOsuEi1ATq9shN03HrxNkD/luQvxCv8=
github.com/prometheus/client_model v0.0.0-20180712105110-5c3871d89910/go.mod h1:MbSGuTsp3dbXC40dX6PRTWyKYBIrTGTE9sqQNg2J8bo=
github.com/prometheus/common v0.0.0-20180801064454-c7de2306084e h1:n/3MEhJQjQxrOUCzh1Y3Re6aJUUWRp2M9+Oc3eVn/54=
github.com/prometheus/common v0.0.0-20180801064454-c7de2306084e/go.mod h1:daVV7qP5qjZbuso7PdcryaAu0sAZbrN9i7WWcTMWvro=
github.com/prometheus/procfs v0.0.0-20180725123919-05ee40e3a273 h1:agujYaXJSxSo18YNX3jzl+4G6Bstwt+kqv47GS12uL0=
github.com/prometheus/procfs v0.0.0-20180725123919-05ee40e3a273/go.mod h1:c3At6R/oaqEKCNdg8wHV1ftS6bRYblBhIjjI8uT2IGk=
github.com/rcrowley/go-metrics v0.0.0-20180503174638-e2704e165165/go.mod h1:bCqnVzQkZxMG4s8nGwiZ5l3QUCyqpo9Y+/ZMZ9VjZe4=
github.com/sirupsen/logrus v1.0.6 h1:hcP1GmhGigz/O7h1WVUM5KklBp1JoNS9FggWKdj/j3s=
github.com/sirupsen/logrus v1.0.6/go.mod h1:pMByvHTf9Beacp5x1UXfOR9xyW/9antXMhjMPG0dEzc=
github.com/tinylib/msgp v1.0.2 h1:DfdQrzQa7Yh2es9SuLkixqxuXS2SxsdYn0KbdrOGWD8=
github.com/tinylib/msgp v1.0.2/go.mod h1:+d+yLhGm8mzTaHzB+wgMYrodPfmZrzkirds8fDWklFE=
go.opencensus.io v0.15.0/go.mod h1:UffZAU+4sDEINUGP/B7UfBBkq4fqLu9zXAX7ke6CHW0=
golang.org/x/crypto v0.0.0-20180820150726-614d502a4dac/go.mod h1:6SG95UA2DQfeDnfUPMdvaQW0Q7yPrPDi9nlGo2tz2b4=
golang.org/x/crypto v0.0.0-20180910181607-0e37d006457b h1:2b9XGzhjiYsYPnKXoEfL7klWZQIt8IfyRCz62gCqqlQ=
golang.org/x/crypto v0.0.0-20180910181607-0e37d006457b/go.mod h1:6SG95UA2DQfeDnfUPMdvaQW0Q7yPrPDi9nlGo2tz2b4=
golang.org/x/lint v0.0.0-20180702182130-06c8688daad7/go.mod h1:UVdnD1Gm6xHRNCYTkRU2/jEulfH38KcIWyp/GAMgvoE=
golang.org/x/net v0.0.0-20180826012351-8a410e7b638d/go.mod h1:mL1N/T3taQHkDXs73rZJwtUhF3w3ftmwwsq0BUmARs4=
golang.org/x/net v0.0.0-20180911220305-26e67e76b6c3 h1:czFLhve3vsQetD6JOJ8NZZvGQIXlnN3/yXxbT6/awxI=
golang.org/x/net v0.0.0-20180911220305-26e67e76b6c3/go.mod h1:mL1N/T3taQHkDXs73rZJwtUhF3w3ftmwwsq0BUmARs4=
golang.org/x/oauth2 v0.0.0-20180821212333-d2e6202438be h1:vEDujvNQGv4jgYKudGeI/+DAX4Jffq6hpD55MmoEvKs=
golang.org/x/oauth2 v0.0.0-20180821212333-d2e6202438be/go.mod h1:N/0e6XlmueqKjAGxoOufVs8QHGRruUQn6yWY3a++T0U=
golang.org/x/sync v0.0.0-20180314180146-1d60e4601c6f/go.mod h1:RxMgew5VJxzue5/jJTE5uejpjVlOe/izrB70Jof72aM=
golang.org/x/sys v0.0.0-20180824143301-4910a1d54f87/go.mod h1:STP8DvDyc/dI5b8T5hshtkjS+E42TnysNCUPdjciGhY=
golang.org/x/sys v0.0.0-20180830151530-49385e6e1522/go.mod h1:STP8DvDyc/dI5b8T5hshtkjS+E42TnysNCUPdjciGhY=
golang.org/x/sys v0.0.0-20180909124046-d0be0721c37e h1:o3PsSEY8E4eXWkXrIP9YJALUkVZqzHJT5DOasTyn8Vs=
golang.org/x/sys v0.0.0-20180909124046-d0be0721c37e/go.mod h1:STP8DvDyc/dI5b8T5hshtkjS+E42TnysNCUPdjciGhY=
golang.org/x/text v0.3.0 h1:g61tztE5qeGQ89tm6NTjjM9VPIm088od1l6aSorWRWg=
golang.org/x/text v0.3.0/go.mod h1:NqM8EUOU14njkJ3fqMW+pc6Ldnwhi/IjpwHt7yyuwOQ=
golang.org/x/time v0.0.0-20180412165947-fbb02b2291d2/go.mod h1:tRJNPiyCQ0inRvYxbN9jk5I+vvW/OXSQhTDSoE431IQ=
golang.org/x/tools v0.0.0-20180828015842-6cd1fcedba52/go.mod h1:n7NCudcB/nEzxVGmLbDWY5pfWTLqBcC2KZ6jyYvM4mQ=
google.golang.org/api v0.0.0-20180826000528-7954115fcf34/go.mod h1:4mhQ8q/RsB7i+udVvVy5NUi08OU8ZlA0gRVgrF7VFY0=
google.golang.org/api v0.0.0-20180910000450-7ca32eb868bf h1:rjxqQmxjyqerRKEj+tZW+MCm4LgpFXu18bsEoCMgDsk=
google.golang.org/api v0.0.0-20180910000450-7ca32eb868bf/go.mod h1:4mhQ8q/RsB7i+udVvVy5NUi08OU8ZlA0gRVgrF7VFY0=
google.golang.org/appengine v1.1.0 h1:igQkv0AAhEIvTEpD5LIpAfav2eeVO9HBTjvKHVJPRSs=
google.golang.org/appengine v1.1.0/go.mod h1:EbEs0AVv82hx2wNQdGPgUI5lhzA/G0D9YwlJXL52JkM=
google.golang.org/genproto v0.0.0-20180817151627-c66870c02cf8/go.mod h1:JiN7NxoALGmiZfu7CAH4rXhgtRTLTxftemlI0sWmxmc=
google.golang.org/genproto v0.0.0-20180911211118-36d5787dc535 h1:4lW+9ga4DVNp64aINPlAqqle9EB/P4t+A7pL9kzzrQc=
google.golang.org/genproto v0.0.0-20180911211118-36d5787dc535/go.mod h1:JiN7NxoALGmiZfu7CAH4rXhgtRTLTxftemlI0sWmxmc=
google.golang.org/grpc v1.14.0/go.mod h1:yo6s7OP7yaDglbqo1J04qKzAhqBH6lvTonzMVmEdcZw=
google.golang.org/grpc v1.15.0 h1:Az/KuahOM4NAidTEuJCv/RonAA7rYsTPkqXVjr+8OOw=
google.golang.org/grpc v1.15.0/go.mod h1:0JHn/cJsOMiMfNA9+DeHDlAU7KAAB5GDlYFpa9MZMio=
gopkg.in/mgo.v2 v2.0.0-20180705113604-9856a29383ce/go.mod h1:yeKp02qBN3iKW1OzL3MGk2IdtZzaj7SFntXj72NppTA=
honnef.co/go/tools v0.0.0-20180728063816-88497007e858/go.mod h1:rf3lG4BRIbNafJWhAfAdb/ePZxsR/4RtNHQocxwk9r4=
